<?xml version="1.0" encoding="utf-8"?>
<Project ToolsVersion="4.0" xmlns="http://schemas.microsoft.com/developer/msbuild/2003">
  <ItemGroup>
    <ClCompile Include="CollisionManager.cpp" />
    <ClCompile Include="KeyManager.cpp" />
    <ClCompile Include="MainApp.cpp" />
    <ClCompile Include="ObjManager.cpp" />
    <ClCompile Include="ScrollManager.cpp" />
    <ClCompile Include="SceneManager.cpp">
      <Filter>03.Scene</Filter>
    </ClCompile>
    <ClCompile Include="Scene.cpp">
      <Filter>03.Scene</Filter>
    </ClCompile>
    <ClCompile Include="LogoScene.cpp">
      <Filter>03.Scene</Filter>
    </ClCompile>
    <ClCompile Include="StageScene.cpp">
      <Filter>03.Scene</Filter>
    </ClCompile>
    <ClCompile Include="Monster.cpp">
      <Filter>01.Obj</Filter>
    </ClCompile>
    <ClCompile Include="Obj.cpp">
      <Filter>01.Obj</Filter>
    </ClCompile>
    <ClCompile Include="Player.cpp">
      <Filter>01.Obj</Filter>
    </ClCompile>
    <ClCompile Include="Bullet.cpp" />
    <ClCompile Include="Editor.cpp" />
  </ItemGroup>
  <ItemGroup>
    <ClInclude Include="CollisionManager.h" />
    <ClInclude Include="framework.h" />
    <ClInclude Include="KeyManager.h" />
    <ClInclude Include="MainApp.h" />
    <ClInclude Include="ObjManager.h" />
    <ClInclude Include="Resource.h" />
    <ClInclude Include="ScrollManager.h" />
    <ClInclude Include="targetver.h" />
    <ClInclude Include="Total.h" />
    <ClInclude Include="SceneManager.h">
      <Filter>03.Scene</Filter>
    </ClInclude>
    <ClInclude Include="Scene.h">
      <Filter>03.Scene</Filter>
    </ClInclude>
    <ClInclude Include="LogoScene.h">
      <Filter>03.Scene</Filter>
    </ClInclude>
    <ClInclude Include="StageScene.h">
      <Filter>03.Scene</Filter>
    </ClInclude>
    <ClInclude Include="AbstractFactory.h" />
    <ClInclude Include="Monster.h">
      <Filter>01.Obj</Filter>
    </ClInclude>
    <ClInclude Include="Obj.h">
      <Filter>01.Obj</Filter>
    </ClInclude>
    <ClInclude Include="Player.h">
      <Filter>01.Obj</Filter>
    </ClInclude>
    <ClInclude Include="Bullet.h" />
    <ClInclude Include="Editor.h" />
  </ItemGroup>
  <ItemGroup>
    <Image Include="small.ico" />
    <Image Include="Editor.ico" />
  </ItemGroup>
  <ItemGroup>
    <Filter Include="03.Scene">
      <UniqueIdentifier>{7fa0c976-0e52-4ba6-ac4a-7407df9049ce}</UniqueIdentifier>
    </Filter>
    <Filter Include="01.Obj">
      <UniqueIdentifier>{065e2d03-ab94-47ba-a360-fe1f76a4a9d1}</UniqueIdentifier>
    </Filter>
  </ItemGroup>
  <ItemGroup>
    <ResourceCompile Include="Editor.rc" />
  </ItemGroup>
</Project>