<?xml version="1.0" encoding="utf-8"?>
<Project ToolsVersion="4.0" xmlns="http://schemas.microsoft.com/developer/msbuild/2003">
  <ItemGroup>
    <ClCompile Include="Client.cpp" />
    <ClCompile Include="CollisionManager.cpp" />
    <ClCompile Include="KeyManager.cpp" />
    <ClCompile Include="MainApp.cpp" />
    <ClCompile Include="Obj.cpp" />
    <ClCompile Include="ObjManager.cpp" />
    <ClCompile Include="Player.cpp" />
    <ClCompile Include="Scene.cpp" />
    <ClCompile Include="SceneManager.cpp" />
    <ClCompile Include="ScrollManager.cpp" />
  </ItemGroup>
  <ItemGroup>
    <ClInclude Include="Client.h" />
    <ClInclude Include="CollisionManager.h" />
    <ClInclude Include="framework.h" />
    <ClInclude Include="KeyManager.h" />
    <ClInclude Include="MainApp.h" />
    <ClInclude Include="Obj.h" />
    <ClInclude Include="ObjManager.h" />
    <ClInclude Include="Player.h" />
    <ClInclude Include="Resource.h" />
    <ClInclude Include="Scene.h" />
    <ClInclude Include="SceneManager.h" />
    <ClInclude Include="ScrollManager.h" />
    <ClInclude Include="targetver.h" />
    <ClInclude Include="Total.h" />
  </ItemGroup>
  <ItemGroup>
    <ResourceCompile Include="Client.rc" />
  </ItemGroup>
  <ItemGroup>
    <Image Include="Client.ico" />
    <Image Include="small.ico" />
  </ItemGroup>
</Project>