<?xml version="1.0" encoding="utf-8"?>
<Project ToolsVersion="4.0" xmlns="http://schemas.microsoft.com/developer/msbuild/2003">
  <ItemGroup>
    <ClCompile Include="Client.cpp" />
    <ClCompile Include="CollisionManager.cpp" />
    <ClCompile Include="KeyManager.cpp" />
    <ClCompile Include="MainApp.cpp" />
    <ClCompile Include="ObjManager.cpp" />
    <ClCompile Include="ScrollManager.cpp" />
    <ClCompile Include="SceneManager.cpp">
      <Filter>03.Scene</Filter>
    </ClCompile>
    <ClCompile Include="Scene.cpp">
      <Filter>03.Scene</Filter>
    </ClCompile>
    <ClCompile Include="LogoScene.cpp">
      <Filter>03.Scene</Filter>
    </ClCompile>
    <ClCompile Include="StageScene.cpp">
      <Filter>03.Scene</Filter>
    </ClCompile>
    <ClCompile Include="Monster.cpp">
      <Filter>01.Obj</Filter>
    </ClCompile>
    <ClCompile Include="Obj.cpp">
      <Filter>01.Obj</Filter>
    </ClCompile>
    <ClCompile Include="Player.cpp">
      <Filter>01.Obj</Filter>
    </ClCompile>
    <ClCompile Include="PatternStruct.cpp">
      <Filter>MobPattern</Filter>
    </ClCompile>
    <ClCompile Include="MonsterList.cpp">
      <Filter>MobPattern</Filter>
    </ClCompile>
    <ClCompile Include="MonsterMovePattern.cpp">
      <Filter>MobPattern</Filter>
    </ClCompile>
    <ClCompile Include="MonsterBulletPattern.cpp">
      <Filter>MobPattern</Filter>
    </ClCompile>
    <ClCompile Include="BombUI.cpp">
      <Filter>01.Obj\UI</Filter>
    </ClCompile>
    <ClCompile Include="LifeUI.cpp">
      <Filter>01.Obj\UI</Filter>
    </ClCompile>
    <ClCompile Include="UI.cpp">
      <Filter>01.Obj\UI</Filter>
    </ClCompile>
    <ClCompile Include="Background.cpp">
      <Filter>01.Obj\Background</Filter>
    </ClCompile>
    <ClCompile Include="Bullet.cpp">
      <Filter>01.Obj\Bullet</Filter>
    </ClCompile>
    <ClCompile Include="PlayerBullet.cpp" />
    <ClCompile Include="Effect.cpp" />
    <ClCompile Include="Particle.cpp" />
    <ClCompile Include="Bomb.cpp" />
    <ClCompile Include="BombBullet.cpp" />
  </ItemGroup>
  <ItemGroup>
    <ClInclude Include="Client.h" />
    <ClInclude Include="CollisionManager.h" />
    <ClInclude Include="framework.h" />
    <ClInclude Include="KeyManager.h" />
    <ClInclude Include="MainApp.h" />
    <ClInclude Include="ObjManager.h" />
    <ClInclude Include="Resource.h" />
    <ClInclude Include="ScrollManager.h" />
    <ClInclude Include="targetver.h" />
    <ClInclude Include="Total.h" />
    <ClInclude Include="SceneManager.h">
      <Filter>03.Scene</Filter>
    </ClInclude>
    <ClInclude Include="Scene.h">
      <Filter>03.Scene</Filter>
    </ClInclude>
    <ClInclude Include="LogoScene.h">
      <Filter>03.Scene</Filter>
    </ClInclude>
    <ClInclude Include="StageScene.h">
      <Filter>03.Scene</Filter>
    </ClInclude>
    <ClInclude Include="AbstractFactory.h" />
    <ClInclude Include="Monster.h">
      <Filter>01.Obj</Filter>
    </ClInclude>
    <ClInclude Include="Obj.h">
      <Filter>01.Obj</Filter>
    </ClInclude>
    <ClInclude Include="Player.h">
      <Filter>01.Obj</Filter>
    </ClInclude>
    <ClInclude Include="PatternStruct.h">
      <Filter>MobPattern</Filter>
    </ClInclude>
    <ClInclude Include="MonsterList.h">
      <Filter>MobPattern</Filter>
    </ClInclude>
    <ClInclude Include="MonsterMovePattern.h">
      <Filter>MobPattern</Filter>
    </ClInclude>
    <ClInclude Include="MonsterBulletPattern.h">
      <Filter>MobPattern</Filter>
    </ClInclude>
    <ClInclude Include="BombUI.h">
      <Filter>01.Obj\UI</Filter>
    </ClInclude>
    <ClInclude Include="LifeUI.h">
      <Filter>01.Obj\UI</Filter>
    </ClInclude>
    <ClInclude Include="UI.h">
      <Filter>01.Obj\UI</Filter>
    </ClInclude>
    <ClInclude Include="Background.h">
      <Filter>01.Obj\Background</Filter>
    </ClInclude>
    <ClInclude Include="Bullet.h">
      <Filter>01.Obj\Bullet</Filter>
    </ClInclude>
    <ClInclude Include="PlayerBullet.h" />
    <ClInclude Include="Effect.h" />
    <ClInclude Include="Particle.h" />
    <ClInclude Include="Bomb.h" />
    <ClInclude Include="BombBullet.h" />
  </ItemGroup>
  <ItemGroup>
    <ResourceCompile Include="Client.rc" />
  </ItemGroup>
  <ItemGroup>
    <Image Include="Client.ico" />
    <Image Include="small.ico" />
  </ItemGroup>
  <ItemGroup>
    <Filter Include="03.Scene">
      <UniqueIdentifier>{7fa0c976-0e52-4ba6-ac4a-7407df9049ce}</UniqueIdentifier>
    </Filter>
    <Filter Include="01.Obj">
      <UniqueIdentifier>{065e2d03-ab94-47ba-a360-fe1f76a4a9d1}</UniqueIdentifier>
    </Filter>
    <Filter Include="01.Obj\UI">
      <UniqueIdentifier>{48edaf10-8aed-4768-a693-505b6b6b00d4}</UniqueIdentifier>
    </Filter>
    <Filter Include="MobPattern">
      <UniqueIdentifier>{4e399b47-3be7-41a0-be18-0535430ae204}</UniqueIdentifier>
    </Filter>
    <Filter Include="01.Obj\Background">
      <UniqueIdentifier>{325238da-f265-4819-8f94-4bd24c93e04a}</UniqueIdentifier>
    </Filter>
    <Filter Include="01.Obj\Bullet">
      <UniqueIdentifier>{4dade53d-2b2a-4cab-a5f7-1d7085d36ceb}</UniqueIdentifier>
    </Filter>
    <Filter Include="01.Obj\Effect">
      <UniqueIdentifier>{9321d5b3-a583-4fb5-9deb-339b91b88960}</UniqueIdentifier>
    </Filter>
  </ItemGroup>
</Project>